
Microsoft Visual Studio Solution File, Format Version 12.00
# Visual Studio Version 17
VisualStudioVersion = 17.3.32929.385
MinimumVisualStudioVersion = 10.0.40219.1
Project("{9A19103F-16F7-4668-BE54-9A1E7A4F7556}") = "WebServicesAndEntityLinking", "WebServicesAndEntityLinking\WebServicesAndEntityLinking.csproj", "{2014172E-1566-41CA-9AF0-29C301421F11}"
EndProject
Project("{FAE04EC0-301F-11D3-BF4B-00C04F79EFBC}") = "WcfProject", "WcfProject\WcfProject.csproj", "{5578183D-4CD3-4088-A837-5C4CA15FDF14}"
EndProject
Global
	GlobalSection(SolutionConfigurationPlatforms) = preSolution
		Debug|Any CPU = Debug|Any CPU
		Release|Any CPU = Release|Any CPU
	EndGlobalSection
	GlobalSection(ProjectConfigurationPlatforms) = postSolution
		{2014172E-1566-41CA-9AF0-29C301421F11}.Debug|Any CPU.ActiveCfg = Debug|Any CPU
		{2014172E-1566-41CA-9AF0-29C301421F11}.Debug|Any CPU.Build.0 = Debug|Any CPU
		{2014172E-1566-41CA-9AF0-29C301421F11}.Release|Any CPU.ActiveCfg = Release|Any CPU
		{2014172E-1566-41CA-9AF0-29C301421F11}.Release|Any CPU.Build.0 = Release|Any CPU
		{5578183D-4CD3-4088-A837-5C4CA15FDF14}.Debug|Any CPU.ActiveCfg = Debug|Any CPU
		{5578183D-4CD3-4088-A837-5C4CA15FDF14}.Debug|Any CPU.Build.0 = Debug|Any CPU
		{5578183D-4CD3-4088-A837-5C4CA15FDF14}.Release|Any CPU.ActiveCfg = Release|Any CPU
		{5578183D-4CD3-4088-A837-5C4CA15FDF14}.Release|Any CPU.Build.0 = Release|Any CPU
	EndGlobalSection
	GlobalSection(SolutionProperties) = preSolution
		HideSolutionNode = FALSE
	EndGlobalSection
	GlobalSection(ExtensibilityGlobals) = postSolution
		SolutionGuid = {2F504BD0-45DF-413A-AD5B-D8CAA9A2F864}
	EndGlobalSection
EndGlobal
